
Microsoft Visual Studio Solution File, Format Version 12.00
# Visual Studio Version 17
VisualStudioVersion = 17.8.34309.116
MinimumVisualStudioVersion = 10.0.40219.1
Project("{9A19103F-16F7-4668-BE54-9A1E7A4F7556}") = "test2", "test2\test2.csproj", "{83FACBEF-4F07-48A6-A93D-4EBE73C0AF52}"
EndProject
Project("{FAE04EC0-301F-11D3-BF4B-00C04F79EFBC}") = "TestProject1", "TestProject1\TestProject1.csproj", "{B5C099D9-579B-4B1C-BDB1-EA49B4B4DAC9}"
EndProject
Global
	GlobalSection(SolutionConfigurationPlatforms) = preSolution
		Debug|Any CPU = Debug|Any CPU
		Release|Any CPU = Release|Any CPU
	EndGlobalSection
	GlobalSection(ProjectConfigurationPlatforms) = postSolution
		{83FACBEF-4F07-48A6-A93D-4EBE73C0AF52}.Debug|Any CPU.ActiveCfg = Debug|Any CPU
		{83FACBEF-4F07-48A6-A93D-4EBE73C0AF52}.Debug|Any CPU.Build.0 = Debug|Any CPU
		{83FACBEF-4F07-48A6-A93D-4EBE73C0AF52}.Release|Any CPU.ActiveCfg = Release|Any CPU
		{83FACBEF-4F07-48A6-A93D-4EBE73C0AF52}.Release|Any CPU.Build.0 = Release|Any CPU
		{B5C099D9-579B-4B1C-BDB1-EA49B4B4DAC9}.Debug|Any CPU.ActiveCfg = Debug|Any CPU
		{B5C099D9-579B-4B1C-BDB1-EA49B4B4DAC9}.Debug|Any CPU.Build.0 = Debug|Any CPU
		{B5C099D9-579B-4B1C-BDB1-EA49B4B4DAC9}.Release|Any CPU.ActiveCfg = Release|Any CPU
		{B5C099D9-579B-4B1C-BDB1-EA49B4B4DAC9}.Release|Any CPU.Build.0 = Release|Any CPU
	EndGlobalSection
	GlobalSection(SolutionProperties) = preSolution
		HideSolutionNode = FALSE
	EndGlobalSection
	GlobalSection(ExtensibilityGlobals) = postSolution
		SolutionGuid = {A5A9A628-71A7-48FC-9692-AED5A9B2F961}
	EndGlobalSection
EndGlobal
